
Microsoft Visual Studio Solution File, Format Version 12.00
# Visual Studio Version 16
VisualStudioVersion = 16.0.31702.278
MinimumVisualStudioVersion = 10.0.40219.1
Project("{FAE04EC0-301F-11D3-BF4B-00C04F79EFBC}") = "HappyBirthdayApp1", "HappyBirthdayApp1.csproj", "{FAACBE91-B386-4B8A-9F91-B7CB70AAFE58}"
EndProject
Global
	GlobalSection(SolutionConfigurationPlatforms) = preSolution
		Debug|Any CPU = Debug|Any CPU
		Release|Any CPU = Release|Any CPU
	EndGlobalSection
	GlobalSection(ProjectConfigurationPlatforms) = postSolution
		{FAACBE91-B386-4B8A-9F91-B7CB70AAFE58}.Debug|Any CPU.ActiveCfg = Debug|Any CPU
		{FAACBE91-B386-4B8A-9F91-B7CB70AAFE58}.Debug|Any CPU.Build.0 = Debug|Any CPU
		{FAACBE91-B386-4B8A-9F91-B7CB70AAFE58}.Release|Any CPU.ActiveCfg = Release|Any CPU
		{FAACBE91-B386-4B8A-9F91-B7CB70AAFE58}.Release|Any CPU.Build.0 = Release|Any CPU
	EndGlobalSection
	GlobalSection(SolutionProperties) = preSolution
		HideSolutionNode = FALSE
	EndGlobalSection
	GlobalSection(ExtensibilityGlobals) = postSolution
		SolutionGuid = {8DAEE388-371F-4EF1-98C1-2B3F7E2EFDD7}
	EndGlobalSection
EndGlobal
